// !$*UTF8*$!
{
	archiveVersion = 1;
	classes = {
	};
	objectVersion = 56;
	objects = {

/* Begin PBXBuildFile section */
		F36F4C722B3D2EDF004976FB /* GitsaweApp.swift in Sources */ = {isa = PBXBuildFile; fileRef = F36F4C712B3D2EDF004976FB /* GitsaweApp.swift */; };
		F36F4C742B3D2EDF004976FB /* ContentView.swift in Sources */ = {isa = PBXBuildFile; fileRef = F36F4C732B3D2EDF004976FB /* ContentView.swift */; };
		F36F4C762B3D2EE2004976FB /* Assets.xcassets in Resources */ = {isa = PBXBuildFile; fileRef = F36F4C752B3D2EE2004976FB /* Assets.xcassets */; };
		F36F4C792B3D2EE2004976FB /* Preview Assets.xcassets in Resources */ = {isa = PBXBuildFile; fileRef = F36F4C782B3D2EE2004976FB /* Preview Assets.xcassets */; };
		F36F4C812B3D2F1C004976FB /* Gitsawe.xcdatamodeld in Sources */ = {isa = PBXBuildFile; fileRef = F36F4C7F2B3D2F1C004976FB /* Gitsawe.xcdatamodeld */; };
		F36F4C832B3D39E2004976FB /* Model.swift in Sources */ = {isa = PBXBuildFile; fileRef = F36F4C822B3D39E2004976FB /* Model.swift */; };
		F36F4C8A2B3D3D48004976FB /* Helper.swift in Sources */ = {isa = PBXBuildFile; fileRef = F36F4C892B3D3D48004976FB /* Helper.swift */; };
		F36F4C8C2B3D43FF004976FB /* Letter.swift in Sources */ = {isa = PBXBuildFile; fileRef = F36F4C8B2B3D43FF004976FB /* Letter.swift */; };
		F36F4C8E2B3D4512004976FB /* Misbak.swift in Sources */ = {isa = PBXBuildFile; fileRef = F36F4C8D2B3D4512004976FB /* Misbak.swift */; };
		F36F4C912B3D4C73004976FB /* AbyssinicaSIL-Regular.ttf in Resources */ = {isa = PBXBuildFile; fileRef = F36F4C8F2B3D4BCD004976FB /* AbyssinicaSIL-Regular.ttf */; };
		F36F4C932B3D6F37004976FB /* Page.swift in Sources */ = {isa = PBXBuildFile; fileRef = F36F4C922B3D6F37004976FB /* Page.swift */; };
		F36F4C982B3DF383004976FB /* PagedInfiniteScrollView.swift in Sources */ = {isa = PBXBuildFile; fileRef = F36F4C972B3DF383004976FB /* PagedInfiniteScrollView.swift */; };
		F36F4C9A2B3DF3E2004976FB /* Steppable.swift in Sources */ = {isa = PBXBuildFile; fileRef = F36F4C992B3DF3E2004976FB /* Steppable.swift */; };
		F36F4CA82B3E1223004976FB /* NowPlayingCenter.swift in Sources */ = {isa = PBXBuildFile; fileRef = F36F4C9F2B3E1223004976FB /* NowPlayingCenter.swift */; };
		F36F4CA92B3E1223004976FB /* PlaylistItem.swift in Sources */ = {isa = PBXBuildFile; fileRef = F36F4CA02B3E1223004976FB /* PlaylistItem.swift */; };
		F36F4CAA2B3E1223004976FB /* RemoteCommandCenter.swift in Sources */ = {isa = PBXBuildFile; fileRef = F36F4CA12B3E1223004976FB /* RemoteCommandCenter.swift */; };
		F36F4CAB2B3E1223004976FB /* AudioHandler.swift in Sources */ = {isa = PBXBuildFile; fileRef = F36F4CA22B3E1223004976FB /* AudioHandler.swift */; };
		F36F4CAC2B3E1223004976FB /* SampleBufferSource.swift in Sources */ = {isa = PBXBuildFile; fileRef = F36F4CA42B3E1223004976FB /* SampleBufferSource.swift */; };
		F36F4CAD2B3E1223004976FB /* SampleBufferSerializer.swift in Sources */ = {isa = PBXBuildFile; fileRef = F36F4CA52B3E1223004976FB /* SampleBufferSerializer.swift */; };
		F36F4CAE2B3E1223004976FB /* SampleBufferPlayer.swift in Sources */ = {isa = PBXBuildFile; fileRef = F36F4CA62B3E1223004976FB /* SampleBufferPlayer.swift */; };
		F36F4CAF2B3E1223004976FB /* SampleBufferItem.swift in Sources */ = {isa = PBXBuildFile; fileRef = F36F4CA72B3E1223004976FB /* SampleBufferItem.swift */; };
		F36F4CB32B3E21E5004976FB /* ሰላም.m4a in Resources */ = {isa = PBXBuildFile; fileRef = F36F4CB22B3E1F10004976FB /* ሰላም.m4a */; };
		F36F4CB52B3E68A1004976FB /* WrappingHStack.swift in Sources */ = {isa = PBXBuildFile; fileRef = F36F4CB42B3E68A1004976FB /* WrappingHStack.swift */; };
		F36F4CB82B3E6C48004976FB /* አርእዩነ ፍኖቶ.m4a in Resources */ = {isa = PBXBuildFile; fileRef = F36F4CB62B3E6C48004976FB /* አርእዩነ ፍኖቶ.m4a */; };
		F36F4CB92B3E6C48004976FB /* ወእንዘ ሰሙን.m4a in Resources */ = {isa = PBXBuildFile; fileRef = F36F4CB72B3E6C48004976FB /* ወእንዘ ሰሙን.m4a */; };
		F36F4CCF2B40EE98004976FB /* pagumen_1.json in Resources */ = {isa = PBXBuildFile; fileRef = F36F4CCC2B40EE98004976FB /* pagumen_1.json */; };
		F36F4CD02B40EE98004976FB /* tahsas_21.json in Resources */ = {isa = PBXBuildFile; fileRef = F36F4CCD2B40EE98004976FB /* tahsas_21.json */; };
		F36F4CD12B40EE98004976FB /* tahsas_20.json in Resources */ = {isa = PBXBuildFile; fileRef = F36F4CCE2B40EE98004976FB /* tahsas_20.json */; };
		F36F4CD42B40F1C2004976FB /* mezmur_ኖላዊ.json in Resources */ = {isa = PBXBuildFile; fileRef = F36F4CD22B40F1C2004976FB /* mezmur_ኖላዊ.json */; };
		F36F4CD52B40F1C2004976FB /* mezmur_ብርሃን.json in Resources */ = {isa = PBXBuildFile; fileRef = F36F4CD32B40F1C2004976FB /* mezmur_ብርሃን.json */; };
/* End PBXBuildFile section */

/* Begin PBXFileReference section */
		F36F4C6E2B3D2EDF004976FB /* Gitsawe.app */ = {isa = PBXFileReference; explicitFileType = wrapper.application; includeInIndex = 0; path = Gitsawe.app; sourceTree = BUILT_PRODUCTS_DIR; };
		F36F4C712B3D2EDF004976FB /* GitsaweApp.swift */ = {isa = PBXFileReference; lastKnownFileType = sourcecode.swift; path = GitsaweApp.swift; sourceTree = "<group>"; };
		F36F4C732B3D2EDF004976FB /* ContentView.swift */ = {isa = PBXFileReference; lastKnownFileType = sourcecode.swift; path = ContentView.swift; sourceTree = "<group>"; };
		F36F4C752B3D2EE2004976FB /* Assets.xcassets */ = {isa = PBXFileReference; lastKnownFileType = folder.assetcatalog; path = Assets.xcassets; sourceTree = "<group>"; };
		F36F4C782B3D2EE2004976FB /* Preview Assets.xcassets */ = {isa = PBXFileReference; lastKnownFileType = folder.assetcatalog; path = "Preview Assets.xcassets"; sourceTree = "<group>"; };
		F36F4C802B3D2F1C004976FB /* Gitsawe.xcdatamodel */ = {isa = PBXFileReference; lastKnownFileType = wrapper.xcdatamodel; path = Gitsawe.xcdatamodel; sourceTree = "<group>"; };
		F36F4C822B3D39E2004976FB /* Model.swift */ = {isa = PBXFileReference; lastKnownFileType = sourcecode.swift; path = Model.swift; sourceTree = "<group>"; };
		F36F4C892B3D3D48004976FB /* Helper.swift */ = {isa = PBXFileReference; lastKnownFileType = sourcecode.swift; path = Helper.swift; sourceTree = "<group>"; };
		F36F4C8B2B3D43FF004976FB /* Letter.swift */ = {isa = PBXFileReference; lastKnownFileType = sourcecode.swift; path = Letter.swift; sourceTree = "<group>"; };
		F36F4C8D2B3D4512004976FB /* Misbak.swift */ = {isa = PBXFileReference; lastKnownFileType = sourcecode.swift; path = Misbak.swift; sourceTree = "<group>"; };
		F36F4C8F2B3D4BCD004976FB /* AbyssinicaSIL-Regular.ttf */ = {isa = PBXFileReference; lastKnownFileType = file; path = "AbyssinicaSIL-Regular.ttf"; sourceTree = "<group>"; };
		F36F4C902B3D4C2E004976FB /* Info.plist */ = {isa = PBXFileReference; lastKnownFileType = text.plist; path = Info.plist; sourceTree = "<group>"; };
		F36F4C922B3D6F37004976FB /* Page.swift */ = {isa = PBXFileReference; lastKnownFileType = sourcecode.swift; path = Page.swift; sourceTree = "<group>"; };
		F36F4C972B3DF383004976FB /* PagedInfiniteScrollView.swift */ = {isa = PBXFileReference; lastKnownFileType = sourcecode.swift; path = PagedInfiniteScrollView.swift; sourceTree = "<group>"; };
		F36F4C992B3DF3E2004976FB /* Steppable.swift */ = {isa = PBXFileReference; lastKnownFileType = sourcecode.swift; path = Steppable.swift; sourceTree = "<group>"; };
		F36F4C9F2B3E1223004976FB /* NowPlayingCenter.swift */ = {isa = PBXFileReference; fileEncoding = 4; lastKnownFileType = sourcecode.swift; path = NowPlayingCenter.swift; sourceTree = "<group>"; };
		F36F4CA02B3E1223004976FB /* PlaylistItem.swift */ = {isa = PBXFileReference; fileEncoding = 4; lastKnownFileType = sourcecode.swift; path = PlaylistItem.swift; sourceTree = "<group>"; };
		F36F4CA12B3E1223004976FB /* RemoteCommandCenter.swift */ = {isa = PBXFileReference; fileEncoding = 4; lastKnownFileType = sourcecode.swift; path = RemoteCommandCenter.swift; sourceTree = "<group>"; };
		F36F4CA22B3E1223004976FB /* AudioHandler.swift */ = {isa = PBXFileReference; fileEncoding = 4; lastKnownFileType = sourcecode.swift; path = AudioHandler.swift; sourceTree = "<group>"; };
		F36F4CA42B3E1223004976FB /* SampleBufferSource.swift */ = {isa = PBXFileReference; fileEncoding = 4; lastKnownFileType = sourcecode.swift; path = SampleBufferSource.swift; sourceTree = "<group>"; };
		F36F4CA52B3E1223004976FB /* SampleBufferSerializer.swift */ = {isa = PBXFileReference; fileEncoding = 4; lastKnownFileType = sourcecode.swift; path = SampleBufferSerializer.swift; sourceTree = "<group>"; };
		F36F4CA62B3E1223004976FB /* SampleBufferPlayer.swift */ = {isa = PBXFileReference; fileEncoding = 4; lastKnownFileType = sourcecode.swift; path = SampleBufferPlayer.swift; sourceTree = "<group>"; };
		F36F4CA72B3E1223004976FB /* SampleBufferItem.swift */ = {isa = PBXFileReference; fileEncoding = 4; lastKnownFileType = sourcecode.swift; path = SampleBufferItem.swift; sourceTree = "<group>"; };
		F36F4CB22B3E1F10004976FB /* ሰላም.m4a */ = {isa = PBXFileReference; lastKnownFileType = file; path = "ሰላም.m4a"; sourceTree = "<group>"; };
		F36F4CB42B3E68A1004976FB /* WrappingHStack.swift */ = {isa = PBXFileReference; lastKnownFileType = sourcecode.swift; path = WrappingHStack.swift; sourceTree = "<group>"; };
		F36F4CB62B3E6C48004976FB /* አርእዩነ ፍኖቶ.m4a */ = {isa = PBXFileReference; lastKnownFileType = file; path = "አርእዩነ ፍኖቶ.m4a"; sourceTree = "<group>"; };
		F36F4CB72B3E6C48004976FB /* ወእንዘ ሰሙን.m4a */ = {isa = PBXFileReference; lastKnownFileType = file; path = "ወእንዘ ሰሙን.m4a"; sourceTree = "<group>"; };
		F36F4CCC2B40EE98004976FB /* pagumen_1.json */ = {isa = PBXFileReference; fileEncoding = 4; lastKnownFileType = text.json; path = pagumen_1.json; sourceTree = "<group>"; };
		F36F4CCD2B40EE98004976FB /* tahsas_21.json */ = {isa = PBXFileReference; fileEncoding = 4; lastKnownFileType = text.json; path = tahsas_21.json; sourceTree = "<group>"; };
		F36F4CCE2B40EE98004976FB /* tahsas_20.json */ = {isa = PBXFileReference; fileEncoding = 4; lastKnownFileType = text.json; path = tahsas_20.json; sourceTree = "<group>"; };
		F36F4CD22B40F1C2004976FB /* mezmur_ኖላዊ.json */ = {isa = PBXFileReference; fileEncoding = 4; lastKnownFileType = text.json; path = "mezmur_ኖላዊ.json"; sourceTree = "<group>"; };
		F36F4CD32B40F1C2004976FB /* mezmur_ብርሃን.json */ = {isa = PBXFileReference; fileEncoding = 4; lastKnownFileType = text.json; path = "mezmur_ብርሃን.json"; sourceTree = "<group>"; };
/* End PBXFileReference section */

/* Begin PBXFrameworksBuildPhase section */
		F36F4C6B2B3D2EDF004976FB /* Frameworks */ = {
			isa = PBXFrameworksBuildPhase;
			buildActionMask = 2147483647;
			files = (
			);
			runOnlyForDeploymentPostprocessing = 0;
		};
/* End PBXFrameworksBuildPhase section */

/* Begin PBXGroup section */
		F36F4C652B3D2EDF004976FB = {
			isa = PBXGroup;
			children = (
				F36F4C702B3D2EDF004976FB /* Gitsawe */,
				F36F4C6F2B3D2EDF004976FB /* Products */,
			);
			sourceTree = "<group>";
		};
		F36F4C6F2B3D2EDF004976FB /* Products */ = {
			isa = PBXGroup;
			children = (
				F36F4C6E2B3D2EDF004976FB /* Gitsawe.app */,
			);
			name = Products;
			sourceTree = "<group>";
		};
		F36F4C702B3D2EDF004976FB /* Gitsawe */ = {
			isa = PBXGroup;
			children = (
				F36F4C872B3D3A80004976FB /* view */,
				F36F4C842B3D3A62004976FB /* data */,
				F36F4C882B3D3A8E004976FB /* controller */,
				F36F4C9D2B3E1223004976FB /* MediaPlayer */,
				F36F4C712B3D2EDF004976FB /* GitsaweApp.swift */,
				F36F4C732B3D2EDF004976FB /* ContentView.swift */,
				F36F4C902B3D4C2E004976FB /* Info.plist */,
				F36F4C752B3D2EE2004976FB /* Assets.xcassets */,
				F36F4C7F2B3D2F1C004976FB /* Gitsawe.xcdatamodeld */,
				F36F4C8F2B3D4BCD004976FB /* AbyssinicaSIL-Regular.ttf */,
				F36F4C772B3D2EE2004976FB /* Preview Content */,
			);
			path = Gitsawe;
			sourceTree = "<group>";
		};
		F36F4C772B3D2EE2004976FB /* Preview Content */ = {
			isa = PBXGroup;
			children = (
				F36F4C782B3D2EE2004976FB /* Preview Assets.xcassets */,
			);
			path = "Preview Content";
			sourceTree = "<group>";
		};
		F36F4C842B3D3A62004976FB /* data */ = {
			isa = PBXGroup;
			children = (
				F36F4CB12B3E1ECC004976FB /* audio */,
				F36F4CB02B3E1EBB004976FB /* json */,
			);
			path = data;
			sourceTree = "<group>";
		};
		F36F4C872B3D3A80004976FB /* view */ = {
			isa = PBXGroup;
			children = (
				F36F4C962B3DF357004976FB /* scroll */,
				F36F4C8B2B3D43FF004976FB /* Letter.swift */,
				F36F4C8D2B3D4512004976FB /* Misbak.swift */,
				F36F4C922B3D6F37004976FB /* Page.swift */,
				F36F4CB42B3E68A1004976FB /* WrappingHStack.swift */,
			);
			path = view;
			sourceTree = "<group>";
		};
		F36F4C882B3D3A8E004976FB /* controller */ = {
			isa = PBXGroup;
			children = (
				F36F4C822B3D39E2004976FB /* Model.swift */,
				F36F4C892B3D3D48004976FB /* Helper.swift */,
			);
			path = controller;
			sourceTree = "<group>";
		};
		F36F4C962B3DF357004976FB /* scroll */ = {
			isa = PBXGroup;
			children = (
				F36F4C972B3DF383004976FB /* PagedInfiniteScrollView.swift */,
				F36F4C992B3DF3E2004976FB /* Steppable.swift */,
			);
			path = scroll;
			sourceTree = "<group>";
		};
		F36F4C9D2B3E1223004976FB /* MediaPlayer */ = {
			isa = PBXGroup;
			children = (
				F36F4C9E2B3E1223004976FB /* Controller */,
				F36F4CA22B3E1223004976FB /* AudioHandler.swift */,
				F36F4CA32B3E1223004976FB /* Player */,
			);
			path = MediaPlayer;
			sourceTree = "<group>";
		};
		F36F4C9E2B3E1223004976FB /* Controller */ = {
			isa = PBXGroup;
			children = (
				F36F4C9F2B3E1223004976FB /* NowPlayingCenter.swift */,
				F36F4CA02B3E1223004976FB /* PlaylistItem.swift */,
				F36F4CA12B3E1223004976FB /* RemoteCommandCenter.swift */,
			);
			path = Controller;
			sourceTree = "<group>";
		};
		F36F4CA32B3E1223004976FB /* Player */ = {
			isa = PBXGroup;
			children = (
				F36F4CA42B3E1223004976FB /* SampleBufferSource.swift */,
				F36F4CA52B3E1223004976FB /* SampleBufferSerializer.swift */,
				F36F4CA62B3E1223004976FB /* SampleBufferPlayer.swift */,
				F36F4CA72B3E1223004976FB /* SampleBufferItem.swift */,
			);
			path = Player;
			sourceTree = "<group>";
		};
		F36F4CB02B3E1EBB004976FB /* json */ = {
			isa = PBXGroup;
			children = (
				F36F4CD32B40F1C2004976FB /* mezmur_ብርሃን.json */,
				F36F4CD22B40F1C2004976FB /* mezmur_ኖላዊ.json */,
				F36F4CCC2B40EE98004976FB /* pagumen_1.json */,
				F36F4CCE2B40EE98004976FB /* tahsas_20.json */,
				F36F4CCD2B40EE98004976FB /* tahsas_21.json */,
			);
			path = json;
			sourceTree = "<group>";
		};
		F36F4CB12B3E1ECC004976FB /* audio */ = {
			isa = PBXGroup;
			children = (
				F36F4CB62B3E6C48004976FB /* አርእዩነ ፍኖቶ.m4a */,
				F36F4CB72B3E6C48004976FB /* ወእንዘ ሰሙን.m4a */,
				F36F4CB22B3E1F10004976FB /* ሰላም.m4a */,
			);
			path = audio;
			sourceTree = "<group>";
		};
/* End PBXGroup section */

/* Begin PBXNativeTarget section */
		F36F4C6D2B3D2EDF004976FB /* Gitsawe */ = {
			isa = PBXNativeTarget;
			buildConfigurationList = F36F4C7C2B3D2EE2004976FB /* Build configuration list for PBXNativeTarget "Gitsawe" */;
			buildPhases = (
				F36F4C6A2B3D2EDF004976FB /* Sources */,
				F36F4C6B2B3D2EDF004976FB /* Frameworks */,
				F36F4C6C2B3D2EDF004976FB /* Resources */,
			);
			buildRules = (
			);
			dependencies = (
			);
			name = Gitsawe;
			productName = Gitsawe;
			productReference = F36F4C6E2B3D2EDF004976FB /* Gitsawe.app */;
			productType = "com.apple.product-type.application";
		};
/* End PBXNativeTarget section */

/* Begin PBXProject section */
		F36F4C662B3D2EDF004976FB /* Project object */ = {
			isa = PBXProject;
			attributes = {
				BuildIndependentTargetsInParallel = 1;
				LastSwiftUpdateCheck = 1510;
				LastUpgradeCheck = 1510;
				TargetAttributes = {
					F36F4C6D2B3D2EDF004976FB = {
						CreatedOnToolsVersion = 15.1;
					};
				};
			};
			buildConfigurationList = F36F4C692B3D2EDF004976FB /* Build configuration list for PBXProject "Gitsawe" */;
			compatibilityVersion = "Xcode 14.0";
			developmentRegion = en;
			hasScannedForEncodings = 0;
			knownRegions = (
				en,
				Base,
			);
			mainGroup = F36F4C652B3D2EDF004976FB;
			productRefGroup = F36F4C6F2B3D2EDF004976FB /* Products */;
			projectDirPath = "";
			projectRoot = "";
			targets = (
				F36F4C6D2B3D2EDF004976FB /* Gitsawe */,
			);
		};
/* End PBXProject section */

/* Begin PBXResourcesBuildPhase section */
		F36F4C6C2B3D2EDF004976FB /* Resources */ = {
			isa = PBXResourcesBuildPhase;
			buildActionMask = 2147483647;
			files = (
				F36F4CB82B3E6C48004976FB /* አርእዩነ ፍኖቶ.m4a in Resources */,
				F36F4C792B3D2EE2004976FB /* Preview Assets.xcassets in Resources */,
				F36F4C912B3D4C73004976FB /* AbyssinicaSIL-Regular.ttf in Resources */,
				F36F4CB32B3E21E5004976FB /* ሰላም.m4a in Resources */,
				F36F4CD52B40F1C2004976FB /* mezmur_ብርሃን.json in Resources */,
				F36F4CD02B40EE98004976FB /* tahsas_21.json in Resources */,
				F36F4C762B3D2EE2004976FB /* Assets.xcassets in Resources */,
				F36F4CCF2B40EE98004976FB /* pagumen_1.json in Resources */,
				F36F4CD42B40F1C2004976FB /* mezmur_ኖላዊ.json in Resources */,
				F36F4CD12B40EE98004976FB /* tahsas_20.json in Resources */,
				F36F4CB92B3E6C48004976FB /* ወእንዘ ሰሙን.m4a in Resources */,
			);
			runOnlyForDeploymentPostprocessing = 0;
		};
/* End PBXResourcesBuildPhase section */

/* Begin PBXSourcesBuildPhase section */
		F36F4C6A2B3D2EDF004976FB /* Sources */ = {
			isa = PBXSourcesBuildPhase;
			buildActionMask = 2147483647;
			files = (
				F36F4CA82B3E1223004976FB /* NowPlayingCenter.swift in Sources */,
				F36F4C742B3D2EDF004976FB /* ContentView.swift in Sources */,
				F36F4CAF2B3E1223004976FB /* SampleBufferItem.swift in Sources */,
				F36F4CAE2B3E1223004976FB /* SampleBufferPlayer.swift in Sources */,
				F36F4C812B3D2F1C004976FB /* Gitsawe.xcdatamodeld in Sources */,
				F36F4C932B3D6F37004976FB /* Page.swift in Sources */,
				F36F4C8A2B3D3D48004976FB /* Helper.swift in Sources */,
				F36F4C982B3DF383004976FB /* PagedInfiniteScrollView.swift in Sources */,
				F36F4C8C2B3D43FF004976FB /* Letter.swift in Sources */,
				F36F4CB52B3E68A1004976FB /* WrappingHStack.swift in Sources */,
				F36F4CAC2B3E1223004976FB /* SampleBufferSource.swift in Sources */,
				F36F4C9A2B3DF3E2004976FB /* Steppable.swift in Sources */,
				F36F4C722B3D2EDF004976FB /* GitsaweApp.swift in Sources */,
				F36F4CAB2B3E1223004976FB /* AudioHandler.swift in Sources */,
				F36F4C8E2B3D4512004976FB /* Misbak.swift in Sources */,
				F36F4CAA2B3E1223004976FB /* RemoteCommandCenter.swift in Sources */,
				F36F4CAD2B3E1223004976FB /* SampleBufferSerializer.swift in Sources */,
				F36F4CA92B3E1223004976FB /* PlaylistItem.swift in Sources */,
				F36F4C832B3D39E2004976FB /* Model.swift in Sources */,
			);
			runOnlyForDeploymentPostprocessing = 0;
		};
/* End PBXSourcesBuildPhase section */

/* Begin XCBuildConfiguration section */
		F36F4C7A2B3D2EE2004976FB /* Debug */ = {
			isa = XCBuildConfiguration;
			buildSettings = {
				ALWAYS_SEARCH_USER_PATHS = NO;
				ASSETCATALOG_COMPILER_GENERATE_SWIFT_ASSET_SYMBOL_EXTENSIONS = YES;
				CLANG_ANALYZER_NONNULL = YES;
				CLANG_ANALYZER_NUMBER_OBJECT_CONVERSION = YES_AGGRESSIVE;
				CLANG_CXX_LANGUAGE_STANDARD = "gnu++20";
				CLANG_ENABLE_MODULES = YES;
				CLANG_ENABLE_OBJC_ARC = YES;
				CLANG_ENABLE_OBJC_WEAK = YES;
				CLANG_WARN_BLOCK_CAPTURE_AUTORELEASING = YES;
				CLANG_WARN_BOOL_CONVERSION = YES;
				CLANG_WARN_COMMA = YES;
				CLANG_WARN_CONSTANT_CONVERSION = YES;
				CLANG_WARN_DEPRECATED_OBJC_IMPLEMENTATIONS = YES;
				CLANG_WARN_DIRECT_OBJC_ISA_USAGE = YES_ERROR;
				CLANG_WARN_DOCUMENTATION_COMMENTS = YES;
				CLANG_WARN_EMPTY_BODY = YES;
				CLANG_WARN_ENUM_CONVERSION = YES;
				CLANG_WARN_INFINITE_RECURSION = YES;
				CLANG_WARN_INT_CONVERSION = YES;
				CLANG_WARN_NON_LITERAL_NULL_CONVERSION = YES;
				CLANG_WARN_OBJC_IMPLICIT_RETAIN_SELF = YES;
				CLANG_WARN_OBJC_LITERAL_CONVERSION = YES;
				CLANG_WARN_OBJC_ROOT_CLASS = YES_ERROR;
				CLANG_WARN_QUOTED_INCLUDE_IN_FRAMEWORK_HEADER = YES;
				CLANG_WARN_RANGE_LOOP_ANALYSIS = YES;
				CLANG_WARN_STRICT_PROTOTYPES = YES;
				CLANG_WARN_SUSPICIOUS_MOVE = YES;
				CLANG_WARN_UNGUARDED_AVAILABILITY = YES_AGGRESSIVE;
				CLANG_WARN_UNREACHABLE_CODE = YES;
				CLANG_WARN__DUPLICATE_METHOD_MATCH = YES;
				COPY_PHASE_STRIP = NO;
				DEBUG_INFORMATION_FORMAT = dwarf;
				ENABLE_STRICT_OBJC_MSGSEND = YES;
				ENABLE_TESTABILITY = YES;
				ENABLE_USER_SCRIPT_SANDBOXING = YES;
				GCC_C_LANGUAGE_STANDARD = gnu17;
				GCC_DYNAMIC_NO_PIC = NO;
				GCC_NO_COMMON_BLOCKS = YES;
				GCC_OPTIMIZATION_LEVEL = 0;
				GCC_PREPROCESSOR_DEFINITIONS = (
					"DEBUG=1",
					"$(inherited)",
				);
				GCC_WARN_64_TO_32_BIT_CONVERSION = YES;
				GCC_WARN_ABOUT_RETURN_TYPE = YES_ERROR;
				GCC_WARN_UNDECLARED_SELECTOR = YES;
				GCC_WARN_UNINITIALIZED_AUTOS = YES_AGGRESSIVE;
				GCC_WARN_UNUSED_FUNCTION = YES;
				GCC_WARN_UNUSED_VARIABLE = YES;
				IPHONEOS_DEPLOYMENT_TARGET = 17.2;
				LOCALIZATION_PREFERS_STRING_CATALOGS = YES;
				MTL_ENABLE_DEBUG_INFO = INCLUDE_SOURCE;
				MTL_FAST_MATH = YES;
				ONLY_ACTIVE_ARCH = YES;
				SDKROOT = iphoneos;
				SWIFT_ACTIVE_COMPILATION_CONDITIONS = "DEBUG $(inherited)";
				SWIFT_OPTIMIZATION_LEVEL = "-Onone";
			};
			name = Debug;
		};
		F36F4C7B2B3D2EE2004976FB /* Release */ = {
			isa = XCBuildConfiguration;
			buildSettings = {
				ALWAYS_SEARCH_USER_PATHS = NO;
				ASSETCATALOG_COMPILER_GENERATE_SWIFT_ASSET_SYMBOL_EXTENSIONS = YES;
				CLANG_ANALYZER_NONNULL = YES;
				CLANG_ANALYZER_NUMBER_OBJECT_CONVERSION = YES_AGGRESSIVE;
				CLANG_CXX_LANGUAGE_STANDARD = "gnu++20";
				CLANG_ENABLE_MODULES = YES;
				CLANG_ENABLE_OBJC_ARC = YES;
				CLANG_ENABLE_OBJC_WEAK = YES;
				CLANG_WARN_BLOCK_CAPTURE_AUTORELEASING = YES;
				CLANG_WARN_BOOL_CONVERSION = YES;
				CLANG_WARN_COMMA = YES;
				CLANG_WARN_CONSTANT_CONVERSION = YES;
				CLANG_WARN_DEPRECATED_OBJC_IMPLEMENTATIONS = YES;
				CLANG_WARN_DIRECT_OBJC_ISA_USAGE = YES_ERROR;
				CLANG_WARN_DOCUMENTATION_COMMENTS = YES;
				CLANG_WARN_EMPTY_BODY = YES;
				CLANG_WARN_ENUM_CONVERSION = YES;
				CLANG_WARN_INFINITE_RECURSION = YES;
				CLANG_WARN_INT_CONVERSION = YES;
				CLANG_WARN_NON_LITERAL_NULL_CONVERSION = YES;
				CLANG_WARN_OBJC_IMPLICIT_RETAIN_SELF = YES;
				CLANG_WARN_OBJC_LITERAL_CONVERSION = YES;
				CLANG_WARN_OBJC_ROOT_CLASS = YES_ERROR;
				CLANG_WARN_QUOTED_INCLUDE_IN_FRAMEWORK_HEADER = YES;
				CLANG_WARN_RANGE_LOOP_ANALYSIS = YES;
				CLANG_WARN_STRICT_PROTOTYPES = YES;
				CLANG_WARN_SUSPICIOUS_MOVE = YES;
				CLANG_WARN_UNGUARDED_AVAILABILITY = YES_AGGRESSIVE;
				CLANG_WARN_UNREACHABLE_CODE = YES;
				CLANG_WARN__DUPLICATE_METHOD_MATCH = YES;
				COPY_PHASE_STRIP = NO;
				DEBUG_INFORMATION_FORMAT = "dwarf-with-dsym";
				ENABLE_NS_ASSERTIONS = NO;
				ENABLE_STRICT_OBJC_MSGSEND = YES;
				ENABLE_USER_SCRIPT_SANDBOXING = YES;
				GCC_C_LANGUAGE_STANDARD = gnu17;
				GCC_NO_COMMON_BLOCKS = YES;
				GCC_WARN_64_TO_32_BIT_CONVERSION = YES;
				GCC_WARN_ABOUT_RETURN_TYPE = YES_ERROR;
				GCC_WARN_UNDECLARED_SELECTOR = YES;
				GCC_WARN_UNINITIALIZED_AUTOS = YES_AGGRESSIVE;
				GCC_WARN_UNUSED_FUNCTION = YES;
				GCC_WARN_UNUSED_VARIABLE = YES;
				IPHONEOS_DEPLOYMENT_TARGET = 17.2;
				LOCALIZATION_PREFERS_STRING_CATALOGS = YES;
				MTL_ENABLE_DEBUG_INFO = NO;
				MTL_FAST_MATH = YES;
				SDKROOT = iphoneos;
				SWIFT_COMPILATION_MODE = wholemodule;
				VALIDATE_PRODUCT = YES;
			};
			name = Release;
		};
		F36F4C7D2B3D2EE2004976FB /* Debug */ = {
			isa = XCBuildConfiguration;
			buildSettings = {
				ASSETCATALOG_COMPILER_APPICON_NAME = AppIcon;
				ASSETCATALOG_COMPILER_GLOBAL_ACCENT_COLOR_NAME = AccentColor;
				CODE_SIGN_STYLE = Automatic;
				CURRENT_PROJECT_VERSION = 1;
				DEVELOPMENT_ASSET_PATHS = "\"Gitsawe/Preview Content\"";
				DEVELOPMENT_TEAM = HB3Y56JZF5;
				ENABLE_PREVIEWS = YES;
				GENERATE_INFOPLIST_FILE = YES;
				INFOPLIST_FILE = Gitsawe/Info.plist;
				INFOPLIST_KEY_UIApplicationSceneManifest_Generation = YES;
				INFOPLIST_KEY_UIApplicationSupportsIndirectInputEvents = YES;
				INFOPLIST_KEY_UILaunchScreen_Generation = YES;
				INFOPLIST_KEY_UISupportedInterfaceOrientations_iPad = "UIInterfaceOrientationPortrait UIInterfaceOrientationPortraitUpsideDown UIInterfaceOrientationLandscapeLeft UIInterfaceOrientationLandscapeRight";
				INFOPLIST_KEY_UISupportedInterfaceOrientations_iPhone = "UIInterfaceOrientationPortrait UIInterfaceOrientationLandscapeLeft UIInterfaceOrientationLandscapeRight";
				LD_RUNPATH_SEARCH_PATHS = (
					"$(inherited)",
					"@executable_path/Frameworks",
				);
				MARKETING_VERSION = 1.0;
				PRODUCT_BUNDLE_IDENTIFIER = com.fekadesilassie.Gitsawe;
				PRODUCT_NAME = "$(TARGET_NAME)";
				SWIFT_EMIT_LOC_STRINGS = YES;
				SWIFT_VERSION = 5.0;
				TARGETED_DEVICE_FAMILY = "1,2";
			};
			name = Debug;
		};
		F36F4C7E2B3D2EE2004976FB /* Release */ = {
			isa = XCBuildConfiguration;
			buildSettings = {
				ASSETCATALOG_COMPILER_APPICON_NAME = AppIcon;
				ASSETCATALOG_COMPILER_GLOBAL_ACCENT_COLOR_NAME = AccentColor;
				CODE_SIGN_STYLE = Automatic;
				CURRENT_PROJECT_VERSION = 1;
				DEVELOPMENT_ASSET_PATHS = "\"Gitsawe/Preview Content\"";
				DEVELOPMENT_TEAM = HB3Y56JZF5;
				ENABLE_PREVIEWS = YES;
				GENERATE_INFOPLIST_FILE = YES;
				INFOPLIST_FILE = Gitsawe/Info.plist;
				INFOPLIST_KEY_UIApplicationSceneManifest_Generation = YES;
				INFOPLIST_KEY_UIApplicationSupportsIndirectInputEvents = YES;
				INFOPLIST_KEY_UILaunchScreen_Generation = YES;
				INFOPLIST_KEY_UISupportedInterfaceOrientations_iPad = "UIInterfaceOrientationPortrait UIInterfaceOrientationPortraitUpsideDown UIInterfaceOrientationLandscapeLeft UIInterfaceOrientationLandscapeRight";
				INFOPLIST_KEY_UISupportedInterfaceOrientations_iPhone = "UIInterfaceOrientationPortrait UIInterfaceOrientationLandscapeLeft UIInterfaceOrientationLandscapeRight";
				LD_RUNPATH_SEARCH_PATHS = (
					"$(inherited)",
					"@executable_path/Frameworks",
				);
				MARKETING_VERSION = 1.0;
				PRODUCT_BUNDLE_IDENTIFIER = com.fekadesilassie.Gitsawe;
				PRODUCT_NAME = "$(TARGET_NAME)";
				SWIFT_EMIT_LOC_STRINGS = YES;
				SWIFT_VERSION = 5.0;
				TARGETED_DEVICE_FAMILY = "1,2";
			};
			name = Release;
		};
/* End XCBuildConfiguration section */

/* Begin XCConfigurationList section */
		F36F4C692B3D2EDF004976FB /* Build configuration list for PBXProject "Gitsawe" */ = {
			isa = XCConfigurationList;
			buildConfigurations = (
				F36F4C7A2B3D2EE2004976FB /* Debug */,
				F36F4C7B2B3D2EE2004976FB /* Release */,
			);
			defaultConfigurationIsVisible = 0;
			defaultConfigurationName = Release;
		};
		F36F4C7C2B3D2EE2004976FB /* Build configuration list for PBXNativeTarget "Gitsawe" */ = {
			isa = XCConfigurationList;
			buildConfigurations = (
				F36F4C7D2B3D2EE2004976FB /* Debug */,
				F36F4C7E2B3D2EE2004976FB /* Release */,
			);
			defaultConfigurationIsVisible = 0;
			defaultConfigurationName = Release;
		};
/* End XCConfigurationList section */

/* Begin XCVersionGroup section */
		F36F4C7F2B3D2F1C004976FB /* Gitsawe.xcdatamodeld */ = {
			isa = XCVersionGroup;
			children = (
				F36F4C802B3D2F1C004976FB /* Gitsawe.xcdatamodel */,
			);
			currentVersion = F36F4C802B3D2F1C004976FB /* Gitsawe.xcdatamodel */;
			path = Gitsawe.xcdatamodeld;
			sourceTree = "<group>";
			versionGroupType = wrapper.xcdatamodel;
		};
/* End XCVersionGroup section */
	};
	rootObject = F36F4C662B3D2EDF004976FB /* Project object */;
}
